
Microsoft Visual Studio Solution File, Format Version 12.00
# Visual Studio Version 16
VisualStudioVersion = 16.0.31911.196
MinimumVisualStudioVersion = 15.0.26124.0
Project("{9A19103F-16F7-4668-BE54-9A1E7A4F7556}") = "Test.ConsoleProgram", "Test.ConsoleProgram\Test.ConsoleProgram.csproj", "{362A13AC-3347-4552-AF79-A86255A88BC4}"
EndProject
Project("{9A19103F-16F7-4668-BE54-9A1E7A4F7556}") = "YTS.AdminWebApi", "YTS.AdminWebApi\YTS.AdminWebApi.csproj", "{B3F0BE98-6C8B-488A-9C9B-CB37224F0FBB}"
EndProject
Project("{9A19103F-16F7-4668-BE54-9A1E7A4F7556}") = "YTS.Tools", "YTS.Tools\YTS.Tools.csproj", "{6E37999A-8018-4FEC-8FBB-B237CBD54377}"
EndProject
Project("{9A19103F-16F7-4668-BE54-9A1E7A4F7556}") = "YTS.AdminWeb", "YTS.AdminWeb\YTS.AdminWeb.csproj", "{D8EEEF37-B6C1-4475-982A-5BC92F13AD2A}"
EndProject
Project("{9A19103F-16F7-4668-BE54-9A1E7A4F7556}") = "YTS.CodeGenerate", "YTS.CodeGenerate\YTS.CodeGenerate.csproj", "{4D6EAC24-98AA-4F29-A092-E5ECB6F52073}"
EndProject
Project("{9A19103F-16F7-4668-BE54-9A1E7A4F7556}") = "YTS.TextGame", "YTS.TextGame\YTS.TextGame.csproj", "{9C855AFF-97FD-4A33-A5DE-6FC4B33B3392}"
EndProject
Project("{9A19103F-16F7-4668-BE54-9A1E7A4F7556}") = "YTS.Shop", "YTS.Shop\YTS.Shop.csproj", "{86B109ED-97B3-4742-9CE1-AF218300A415}"
EndProject
Project("{9A19103F-16F7-4668-BE54-9A1E7A4F7556}") = "YTS.Test", "YTS.Test\YTS.Test.csproj", "{53A10959-F8DA-4C01-AE86-A62C5BBA16CF}"
EndProject
Project("{9A19103F-16F7-4668-BE54-9A1E7A4F7556}") = "YTS.Tools.Test", "YTS.Tools.Test\YTS.Tools.Test.csproj", "{9597B7B0-FFB4-468D-BE4E-33BBE405EA46}"
EndProject
Project("{9A19103F-16F7-4668-BE54-9A1E7A4F7556}") = "CSharpLearn.Test", "CSharpLearn.Test\CSharpLearn.Test.csproj", "{9C360464-6573-43D2-B5BE-90744311BB34}"
EndProject
Project("{9A19103F-16F7-4668-BE54-9A1E7A4F7556}") = "YTS.Logic", "YTS.Logic\YTS.Logic.csproj", "{90EE14AD-0423-40A4-84B4-7832D5B09D9F}"
EndProject
Project("{9A19103F-16F7-4668-BE54-9A1E7A4F7556}") = "YTS.Logic.Test", "YTS.Logic.Test\YTS.Logic.Test.csproj", "{AB72E932-2D80-4F75-9DEB-E4E399D3D801}"
EndProject
Project("{9A19103F-16F7-4668-BE54-9A1E7A4F7556}") = "YTS.ImageDownload", "YTS.ImageDownload\YTS.ImageDownload.csproj", "{ED4D2F55-98F9-4AAA-9F91-2F0A44362521}"
EndProject
Project("{9A19103F-16F7-4668-BE54-9A1E7A4F7556}") = "YTS.IOFile.API", "YTS.IOFile.API\YTS.IOFile.API.csproj", "{A125D65C-FD7C-4E92-AFE8-4BCD80251485}"
EndProject
Project("{9A19103F-16F7-4668-BE54-9A1E7A4F7556}") = "YTS.IOFile.API.Test", "YTS.IOFile.API.Test\YTS.IOFile.API.Test.csproj", "{E6C6C309-CBB7-4558-9834-7E6CAF4912D1}"
EndProject
Project("{9A19103F-16F7-4668-BE54-9A1E7A4F7556}") = "InstanceApplet", "InstanceApplet\InstanceApplet.csproj", "{3D3F5D37-A34A-420F-A6B8-BC4847085A06}"
EndProject
Project("{FAE04EC0-301F-11D3-BF4B-00C04F79EFBC}") = "YTS.Git", "YTS.Git\YTS.Git.csproj", "{52ACFDBC-DE91-4417-8C91-2FB85E78E053}"
EndProject
Global
	GlobalSection(SolutionConfigurationPlatforms) = preSolution
		Debug|Any CPU = Debug|Any CPU
		Debug|x64 = Debug|x64
		Debug|x86 = Debug|x86
		Release|Any CPU = Release|Any CPU
		Release|x64 = Release|x64
		Release|x86 = Release|x86
	EndGlobalSection
	GlobalSection(ProjectConfigurationPlatforms) = postSolution
		{362A13AC-3347-4552-AF79-A86255A88BC4}.Debug|Any CPU.ActiveCfg = Debug|Any CPU
		{362A13AC-3347-4552-AF79-A86255A88BC4}.Debug|Any CPU.Build.0 = Debug|Any CPU
		{362A13AC-3347-4552-AF79-A86255A88BC4}.Debug|x64.ActiveCfg = Debug|Any CPU
		{362A13AC-3347-4552-AF79-A86255A88BC4}.Debug|x64.Build.0 = Debug|Any CPU
		{362A13AC-3347-4552-AF79-A86255A88BC4}.Debug|x86.ActiveCfg = Debug|Any CPU
		{362A13AC-3347-4552-AF79-A86255A88BC4}.Debug|x86.Build.0 = Debug|Any CPU
		{362A13AC-3347-4552-AF79-A86255A88BC4}.Release|Any CPU.ActiveCfg = Release|Any CPU
		{362A13AC-3347-4552-AF79-A86255A88BC4}.Release|Any CPU.Build.0 = Release|Any CPU
		{362A13AC-3347-4552-AF79-A86255A88BC4}.Release|x64.ActiveCfg = Release|Any CPU
		{362A13AC-3347-4552-AF79-A86255A88BC4}.Release|x64.Build.0 = Release|Any CPU
		{362A13AC-3347-4552-AF79-A86255A88BC4}.Release|x86.ActiveCfg = Release|Any CPU
		{362A13AC-3347-4552-AF79-A86255A88BC4}.Release|x86.Build.0 = Release|Any CPU
		{B3F0BE98-6C8B-488A-9C9B-CB37224F0FBB}.Debug|Any CPU.ActiveCfg = Debug|Any CPU
		{B3F0BE98-6C8B-488A-9C9B-CB37224F0FBB}.Debug|Any CPU.Build.0 = Debug|Any CPU
		{B3F0BE98-6C8B-488A-9C9B-CB37224F0FBB}.Debug|x64.ActiveCfg = Debug|Any CPU
		{B3F0BE98-6C8B-488A-9C9B-CB37224F0FBB}.Debug|x64.Build.0 = Debug|Any CPU
		{B3F0BE98-6C8B-488A-9C9B-CB37224F0FBB}.Debug|x86.ActiveCfg = Debug|Any CPU
		{B3F0BE98-6C8B-488A-9C9B-CB37224F0FBB}.Debug|x86.Build.0 = Debug|Any CPU
		{B3F0BE98-6C8B-488A-9C9B-CB37224F0FBB}.Release|Any CPU.ActiveCfg = Release|Any CPU
		{B3F0BE98-6C8B-488A-9C9B-CB37224F0FBB}.Release|Any CPU.Build.0 = Release|Any CPU
		{B3F0BE98-6C8B-488A-9C9B-CB37224F0FBB}.Release|x64.ActiveCfg = Release|Any CPU
		{B3F0BE98-6C8B-488A-9C9B-CB37224F0FBB}.Release|x64.Build.0 = Release|Any CPU
		{B3F0BE98-6C8B-488A-9C9B-CB37224F0FBB}.Release|x86.ActiveCfg = Release|Any CPU
		{B3F0BE98-6C8B-488A-9C9B-CB37224F0FBB}.Release|x86.Build.0 = Release|Any CPU
		{6E37999A-8018-4FEC-8FBB-B237CBD54377}.Debug|Any CPU.ActiveCfg = Debug|Any CPU
		{6E37999A-8018-4FEC-8FBB-B237CBD54377}.Debug|Any CPU.Build.0 = Debug|Any CPU
		{6E37999A-8018-4FEC-8FBB-B237CBD54377}.Debug|x64.ActiveCfg = Debug|Any CPU
		{6E37999A-8018-4FEC-8FBB-B237CBD54377}.Debug|x64.Build.0 = Debug|Any CPU
		{6E37999A-8018-4FEC-8FBB-B237CBD54377}.Debug|x86.ActiveCfg = Debug|Any CPU
		{6E37999A-8018-4FEC-8FBB-B237CBD54377}.Debug|x86.Build.0 = Debug|Any CPU
		{6E37999A-8018-4FEC-8FBB-B237CBD54377}.Release|Any CPU.ActiveCfg = Release|Any CPU
		{6E37999A-8018-4FEC-8FBB-B237CBD54377}.Release|Any CPU.Build.0 = Release|Any CPU
		{6E37999A-8018-4FEC-8FBB-B237CBD54377}.Release|x64.ActiveCfg = Release|Any CPU
		{6E37999A-8018-4FEC-8FBB-B237CBD54377}.Release|x64.Build.0 = Release|Any CPU
		{6E37999A-8018-4FEC-8FBB-B237CBD54377}.Release|x86.ActiveCfg = Release|Any CPU
		{6E37999A-8018-4FEC-8FBB-B237CBD54377}.Release|x86.Build.0 = Release|Any CPU
		{D8EEEF37-B6C1-4475-982A-5BC92F13AD2A}.Debug|Any CPU.ActiveCfg = Debug|Any CPU
		{D8EEEF37-B6C1-4475-982A-5BC92F13AD2A}.Debug|Any CPU.Build.0 = Debug|Any CPU
		{D8EEEF37-B6C1-4475-982A-5BC92F13AD2A}.Debug|x64.ActiveCfg = Debug|Any CPU
		{D8EEEF37-B6C1-4475-982A-5BC92F13AD2A}.Debug|x64.Build.0 = Debug|Any CPU
		{D8EEEF37-B6C1-4475-982A-5BC92F13AD2A}.Debug|x86.ActiveCfg = Debug|Any CPU
		{D8EEEF37-B6C1-4475-982A-5BC92F13AD2A}.Debug|x86.Build.0 = Debug|Any CPU
		{D8EEEF37-B6C1-4475-982A-5BC92F13AD2A}.Release|Any CPU.ActiveCfg = Release|Any CPU
		{D8EEEF37-B6C1-4475-982A-5BC92F13AD2A}.Release|Any CPU.Build.0 = Release|Any CPU
		{D8EEEF37-B6C1-4475-982A-5BC92F13AD2A}.Release|x64.ActiveCfg = Release|Any CPU
		{D8EEEF37-B6C1-4475-982A-5BC92F13AD2A}.Release|x64.Build.0 = Release|Any CPU
		{D8EEEF37-B6C1-4475-982A-5BC92F13AD2A}.Release|x86.ActiveCfg = Release|Any CPU
		{D8EEEF37-B6C1-4475-982A-5BC92F13AD2A}.Release|x86.Build.0 = Release|Any CPU
		{4D6EAC24-98AA-4F29-A092-E5ECB6F52073}.Debug|Any CPU.ActiveCfg = Debug|Any CPU
		{4D6EAC24-98AA-4F29-A092-E5ECB6F52073}.Debug|Any CPU.Build.0 = Debug|Any CPU
		{4D6EAC24-98AA-4F29-A092-E5ECB6F52073}.Debug|x64.ActiveCfg = Debug|Any CPU
		{4D6EAC24-98AA-4F29-A092-E5ECB6F52073}.Debug|x64.Build.0 = Debug|Any CPU
		{4D6EAC24-98AA-4F29-A092-E5ECB6F52073}.Debug|x86.ActiveCfg = Debug|Any CPU
		{4D6EAC24-98AA-4F29-A092-E5ECB6F52073}.Debug|x86.Build.0 = Debug|Any CPU
		{4D6EAC24-98AA-4F29-A092-E5ECB6F52073}.Release|Any CPU.ActiveCfg = Release|Any CPU
		{4D6EAC24-98AA-4F29-A092-E5ECB6F52073}.Release|Any CPU.Build.0 = Release|Any CPU
		{4D6EAC24-98AA-4F29-A092-E5ECB6F52073}.Release|x64.ActiveCfg = Release|Any CPU
		{4D6EAC24-98AA-4F29-A092-E5ECB6F52073}.Release|x64.Build.0 = Release|Any CPU
		{4D6EAC24-98AA-4F29-A092-E5ECB6F52073}.Release|x86.ActiveCfg = Release|Any CPU
		{4D6EAC24-98AA-4F29-A092-E5ECB6F52073}.Release|x86.Build.0 = Release|Any CPU
		{9C855AFF-97FD-4A33-A5DE-6FC4B33B3392}.Debug|Any CPU.ActiveCfg = Debug|Any CPU
		{9C855AFF-97FD-4A33-A5DE-6FC4B33B3392}.Debug|Any CPU.Build.0 = Debug|Any CPU
		{9C855AFF-97FD-4A33-A5DE-6FC4B33B3392}.Debug|x64.ActiveCfg = Debug|Any CPU
		{9C855AFF-97FD-4A33-A5DE-6FC4B33B3392}.Debug|x64.Build.0 = Debug|Any CPU
		{9C855AFF-97FD-4A33-A5DE-6FC4B33B3392}.Debug|x86.ActiveCfg = Debug|Any CPU
		{9C855AFF-97FD-4A33-A5DE-6FC4B33B3392}.Debug|x86.Build.0 = Debug|Any CPU
		{9C855AFF-97FD-4A33-A5DE-6FC4B33B3392}.Release|Any CPU.ActiveCfg = Release|Any CPU
		{9C855AFF-97FD-4A33-A5DE-6FC4B33B3392}.Release|Any CPU.Build.0 = Release|Any CPU
		{9C855AFF-97FD-4A33-A5DE-6FC4B33B3392}.Release|x64.ActiveCfg = Release|Any CPU
		{9C855AFF-97FD-4A33-A5DE-6FC4B33B3392}.Release|x64.Build.0 = Release|Any CPU
		{9C855AFF-97FD-4A33-A5DE-6FC4B33B3392}.Release|x86.ActiveCfg = Release|Any CPU
		{9C855AFF-97FD-4A33-A5DE-6FC4B33B3392}.Release|x86.Build.0 = Release|Any CPU
		{86B109ED-97B3-4742-9CE1-AF218300A415}.Debug|Any CPU.ActiveCfg = Debug|Any CPU
		{86B109ED-97B3-4742-9CE1-AF218300A415}.Debug|Any CPU.Build.0 = Debug|Any CPU
		{86B109ED-97B3-4742-9CE1-AF218300A415}.Debug|x64.ActiveCfg = Debug|Any CPU
		{86B109ED-97B3-4742-9CE1-AF218300A415}.Debug|x64.Build.0 = Debug|Any CPU
		{86B109ED-97B3-4742-9CE1-AF218300A415}.Debug|x86.ActiveCfg = Debug|Any CPU
		{86B109ED-97B3-4742-9CE1-AF218300A415}.Debug|x86.Build.0 = Debug|Any CPU
		{86B109ED-97B3-4742-9CE1-AF218300A415}.Release|Any CPU.ActiveCfg = Release|Any CPU
		{86B109ED-97B3-4742-9CE1-AF218300A415}.Release|Any CPU.Build.0 = Release|Any CPU
		{86B109ED-97B3-4742-9CE1-AF218300A415}.Release|x64.ActiveCfg = Release|Any CPU
		{86B109ED-97B3-4742-9CE1-AF218300A415}.Release|x64.Build.0 = Release|Any CPU
		{86B109ED-97B3-4742-9CE1-AF218300A415}.Release|x86.ActiveCfg = Release|Any CPU
		{86B109ED-97B3-4742-9CE1-AF218300A415}.Release|x86.Build.0 = Release|Any CPU
		{53A10959-F8DA-4C01-AE86-A62C5BBA16CF}.Debug|Any CPU.ActiveCfg = Debug|Any CPU
		{53A10959-F8DA-4C01-AE86-A62C5BBA16CF}.Debug|Any CPU.Build.0 = Debug|Any CPU
		{53A10959-F8DA-4C01-AE86-A62C5BBA16CF}.Debug|x64.ActiveCfg = Debug|Any CPU
		{53A10959-F8DA-4C01-AE86-A62C5BBA16CF}.Debug|x64.Build.0 = Debug|Any CPU
		{53A10959-F8DA-4C01-AE86-A62C5BBA16CF}.Debug|x86.ActiveCfg = Debug|Any CPU
		{53A10959-F8DA-4C01-AE86-A62C5BBA16CF}.Debug|x86.Build.0 = Debug|Any CPU
		{53A10959-F8DA-4C01-AE86-A62C5BBA16CF}.Release|Any CPU.ActiveCfg = Release|Any CPU
		{53A10959-F8DA-4C01-AE86-A62C5BBA16CF}.Release|Any CPU.Build.0 = Release|Any CPU
		{53A10959-F8DA-4C01-AE86-A62C5BBA16CF}.Release|x64.ActiveCfg = Release|Any CPU
		{53A10959-F8DA-4C01-AE86-A62C5BBA16CF}.Release|x64.Build.0 = Release|Any CPU
		{53A10959-F8DA-4C01-AE86-A62C5BBA16CF}.Release|x86.ActiveCfg = Release|Any CPU
		{53A10959-F8DA-4C01-AE86-A62C5BBA16CF}.Release|x86.Build.0 = Release|Any CPU
		{9597B7B0-FFB4-468D-BE4E-33BBE405EA46}.Debug|Any CPU.ActiveCfg = Debug|Any CPU
		{9597B7B0-FFB4-468D-BE4E-33BBE405EA46}.Debug|Any CPU.Build.0 = Debug|Any CPU
		{9597B7B0-FFB4-468D-BE4E-33BBE405EA46}.Debug|x64.ActiveCfg = Debug|Any CPU
		{9597B7B0-FFB4-468D-BE4E-33BBE405EA46}.Debug|x64.Build.0 = Debug|Any CPU
		{9597B7B0-FFB4-468D-BE4E-33BBE405EA46}.Debug|x86.ActiveCfg = Debug|Any CPU
		{9597B7B0-FFB4-468D-BE4E-33BBE405EA46}.Debug|x86.Build.0 = Debug|Any CPU
		{9597B7B0-FFB4-468D-BE4E-33BBE405EA46}.Release|Any CPU.ActiveCfg = Release|Any CPU
		{9597B7B0-FFB4-468D-BE4E-33BBE405EA46}.Release|Any CPU.Build.0 = Release|Any CPU
		{9597B7B0-FFB4-468D-BE4E-33BBE405EA46}.Release|x64.ActiveCfg = Release|Any CPU
		{9597B7B0-FFB4-468D-BE4E-33BBE405EA46}.Release|x64.Build.0 = Release|Any CPU
		{9597B7B0-FFB4-468D-BE4E-33BBE405EA46}.Release|x86.ActiveCfg = Release|Any CPU
		{9597B7B0-FFB4-468D-BE4E-33BBE405EA46}.Release|x86.Build.0 = Release|Any CPU
		{9C360464-6573-43D2-B5BE-90744311BB34}.Debug|Any CPU.ActiveCfg = Debug|Any CPU
		{9C360464-6573-43D2-B5BE-90744311BB34}.Debug|Any CPU.Build.0 = Debug|Any CPU
		{9C360464-6573-43D2-B5BE-90744311BB34}.Debug|x64.ActiveCfg = Debug|Any CPU
		{9C360464-6573-43D2-B5BE-90744311BB34}.Debug|x64.Build.0 = Debug|Any CPU
		{9C360464-6573-43D2-B5BE-90744311BB34}.Debug|x86.ActiveCfg = Debug|Any CPU
		{9C360464-6573-43D2-B5BE-90744311BB34}.Debug|x86.Build.0 = Debug|Any CPU
		{9C360464-6573-43D2-B5BE-90744311BB34}.Release|Any CPU.ActiveCfg = Release|Any CPU
		{9C360464-6573-43D2-B5BE-90744311BB34}.Release|Any CPU.Build.0 = Release|Any CPU
		{9C360464-6573-43D2-B5BE-90744311BB34}.Release|x64.ActiveCfg = Release|Any CPU
		{9C360464-6573-43D2-B5BE-90744311BB34}.Release|x64.Build.0 = Release|Any CPU
		{9C360464-6573-43D2-B5BE-90744311BB34}.Release|x86.ActiveCfg = Release|Any CPU
		{9C360464-6573-43D2-B5BE-90744311BB34}.Release|x86.Build.0 = Release|Any CPU
		{90EE14AD-0423-40A4-84B4-7832D5B09D9F}.Debug|Any CPU.ActiveCfg = Debug|Any CPU
		{90EE14AD-0423-40A4-84B4-7832D5B09D9F}.Debug|Any CPU.Build.0 = Debug|Any CPU
		{90EE14AD-0423-40A4-84B4-7832D5B09D9F}.Debug|x64.ActiveCfg = Debug|Any CPU
		{90EE14AD-0423-40A4-84B4-7832D5B09D9F}.Debug|x64.Build.0 = Debug|Any CPU
		{90EE14AD-0423-40A4-84B4-7832D5B09D9F}.Debug|x86.ActiveCfg = Debug|Any CPU
		{90EE14AD-0423-40A4-84B4-7832D5B09D9F}.Debug|x86.Build.0 = Debug|Any CPU
		{90EE14AD-0423-40A4-84B4-7832D5B09D9F}.Release|Any CPU.ActiveCfg = Release|Any CPU
		{90EE14AD-0423-40A4-84B4-7832D5B09D9F}.Release|Any CPU.Build.0 = Release|Any CPU
		{90EE14AD-0423-40A4-84B4-7832D5B09D9F}.Release|x64.ActiveCfg = Release|Any CPU
		{90EE14AD-0423-40A4-84B4-7832D5B09D9F}.Release|x64.Build.0 = Release|Any CPU
		{90EE14AD-0423-40A4-84B4-7832D5B09D9F}.Release|x86.ActiveCfg = Release|Any CPU
		{90EE14AD-0423-40A4-84B4-7832D5B09D9F}.Release|x86.Build.0 = Release|Any CPU
		{AB72E932-2D80-4F75-9DEB-E4E399D3D801}.Debug|Any CPU.ActiveCfg = Debug|Any CPU
		{AB72E932-2D80-4F75-9DEB-E4E399D3D801}.Debug|Any CPU.Build.0 = Debug|Any CPU
		{AB72E932-2D80-4F75-9DEB-E4E399D3D801}.Debug|x64.ActiveCfg = Debug|Any CPU
		{AB72E932-2D80-4F75-9DEB-E4E399D3D801}.Debug|x64.Build.0 = Debug|Any CPU
		{AB72E932-2D80-4F75-9DEB-E4E399D3D801}.Debug|x86.ActiveCfg = Debug|Any CPU
		{AB72E932-2D80-4F75-9DEB-E4E399D3D801}.Debug|x86.Build.0 = Debug|Any CPU
		{AB72E932-2D80-4F75-9DEB-E4E399D3D801}.Release|Any CPU.ActiveCfg = Release|Any CPU
		{AB72E932-2D80-4F75-9DEB-E4E399D3D801}.Release|Any CPU.Build.0 = Release|Any CPU
		{AB72E932-2D80-4F75-9DEB-E4E399D3D801}.Release|x64.ActiveCfg = Release|Any CPU
		{AB72E932-2D80-4F75-9DEB-E4E399D3D801}.Release|x64.Build.0 = Release|Any CPU
		{AB72E932-2D80-4F75-9DEB-E4E399D3D801}.Release|x86.ActiveCfg = Release|Any CPU
		{AB72E932-2D80-4F75-9DEB-E4E399D3D801}.Release|x86.Build.0 = Release|Any CPU
		{ED4D2F55-98F9-4AAA-9F91-2F0A44362521}.Debug|Any CPU.ActiveCfg = Debug|Any CPU
		{ED4D2F55-98F9-4AAA-9F91-2F0A44362521}.Debug|Any CPU.Build.0 = Debug|Any CPU
		{ED4D2F55-98F9-4AAA-9F91-2F0A44362521}.Debug|x64.ActiveCfg = Debug|Any CPU
		{ED4D2F55-98F9-4AAA-9F91-2F0A44362521}.Debug|x64.Build.0 = Debug|Any CPU
		{ED4D2F55-98F9-4AAA-9F91-2F0A44362521}.Debug|x86.ActiveCfg = Debug|Any CPU
		{ED4D2F55-98F9-4AAA-9F91-2F0A44362521}.Debug|x86.Build.0 = Debug|Any CPU
		{ED4D2F55-98F9-4AAA-9F91-2F0A44362521}.Release|Any CPU.ActiveCfg = Release|Any CPU
		{ED4D2F55-98F9-4AAA-9F91-2F0A44362521}.Release|Any CPU.Build.0 = Release|Any CPU
		{ED4D2F55-98F9-4AAA-9F91-2F0A44362521}.Release|x64.ActiveCfg = Release|Any CPU
		{ED4D2F55-98F9-4AAA-9F91-2F0A44362521}.Release|x64.Build.0 = Release|Any CPU
		{ED4D2F55-98F9-4AAA-9F91-2F0A44362521}.Release|x86.ActiveCfg = Release|Any CPU
		{ED4D2F55-98F9-4AAA-9F91-2F0A44362521}.Release|x86.Build.0 = Release|Any CPU
		{A125D65C-FD7C-4E92-AFE8-4BCD80251485}.Debug|Any CPU.ActiveCfg = Debug|Any CPU
		{A125D65C-FD7C-4E92-AFE8-4BCD80251485}.Debug|Any CPU.Build.0 = Debug|Any CPU
		{A125D65C-FD7C-4E92-AFE8-4BCD80251485}.Debug|x64.ActiveCfg = Debug|Any CPU
		{A125D65C-FD7C-4E92-AFE8-4BCD80251485}.Debug|x64.Build.0 = Debug|Any CPU
		{A125D65C-FD7C-4E92-AFE8-4BCD80251485}.Debug|x86.ActiveCfg = Debug|Any CPU
		{A125D65C-FD7C-4E92-AFE8-4BCD80251485}.Debug|x86.Build.0 = Debug|Any CPU
		{A125D65C-FD7C-4E92-AFE8-4BCD80251485}.Release|Any CPU.ActiveCfg = Release|Any CPU
		{A125D65C-FD7C-4E92-AFE8-4BCD80251485}.Release|Any CPU.Build.0 = Release|Any CPU
		{A125D65C-FD7C-4E92-AFE8-4BCD80251485}.Release|x64.ActiveCfg = Release|Any CPU
		{A125D65C-FD7C-4E92-AFE8-4BCD80251485}.Release|x64.Build.0 = Release|Any CPU
		{A125D65C-FD7C-4E92-AFE8-4BCD80251485}.Release|x86.ActiveCfg = Release|Any CPU
		{A125D65C-FD7C-4E92-AFE8-4BCD80251485}.Release|x86.Build.0 = Release|Any CPU
		{E6C6C309-CBB7-4558-9834-7E6CAF4912D1}.Debug|Any CPU.ActiveCfg = Debug|Any CPU
		{E6C6C309-CBB7-4558-9834-7E6CAF4912D1}.Debug|Any CPU.Build.0 = Debug|Any CPU
		{E6C6C309-CBB7-4558-9834-7E6CAF4912D1}.Debug|x64.ActiveCfg = Debug|Any CPU
		{E6C6C309-CBB7-4558-9834-7E6CAF4912D1}.Debug|x64.Build.0 = Debug|Any CPU
		{E6C6C309-CBB7-4558-9834-7E6CAF4912D1}.Debug|x86.ActiveCfg = Debug|Any CPU
		{E6C6C309-CBB7-4558-9834-7E6CAF4912D1}.Debug|x86.Build.0 = Debug|Any CPU
		{E6C6C309-CBB7-4558-9834-7E6CAF4912D1}.Release|Any CPU.ActiveCfg = Release|Any CPU
		{E6C6C309-CBB7-4558-9834-7E6CAF4912D1}.Release|Any CPU.Build.0 = Release|Any CPU
		{E6C6C309-CBB7-4558-9834-7E6CAF4912D1}.Release|x64.ActiveCfg = Release|Any CPU
		{E6C6C309-CBB7-4558-9834-7E6CAF4912D1}.Release|x64.Build.0 = Release|Any CPU
		{E6C6C309-CBB7-4558-9834-7E6CAF4912D1}.Release|x86.ActiveCfg = Release|Any CPU
		{E6C6C309-CBB7-4558-9834-7E6CAF4912D1}.Release|x86.Build.0 = Release|Any CPU
		{3D3F5D37-A34A-420F-A6B8-BC4847085A06}.Debug|Any CPU.ActiveCfg = Debug|Any CPU
		{3D3F5D37-A34A-420F-A6B8-BC4847085A06}.Debug|Any CPU.Build.0 = Debug|Any CPU
		{3D3F5D37-A34A-420F-A6B8-BC4847085A06}.Debug|x64.ActiveCfg = Debug|Any CPU
		{3D3F5D37-A34A-420F-A6B8-BC4847085A06}.Debug|x64.Build.0 = Debug|Any CPU
		{3D3F5D37-A34A-420F-A6B8-BC4847085A06}.Debug|x86.ActiveCfg = Debug|Any CPU
		{3D3F5D37-A34A-420F-A6B8-BC4847085A06}.Debug|x86.Build.0 = Debug|Any CPU
		{3D3F5D37-A34A-420F-A6B8-BC4847085A06}.Release|Any CPU.ActiveCfg = Release|Any CPU
		{3D3F5D37-A34A-420F-A6B8-BC4847085A06}.Release|Any CPU.Build.0 = Release|Any CPU
		{3D3F5D37-A34A-420F-A6B8-BC4847085A06}.Release|x64.ActiveCfg = Release|Any CPU
		{3D3F5D37-A34A-420F-A6B8-BC4847085A06}.Release|x64.Build.0 = Release|Any CPU
		{3D3F5D37-A34A-420F-A6B8-BC4847085A06}.Release|x86.ActiveCfg = Release|Any CPU
		{3D3F5D37-A34A-420F-A6B8-BC4847085A06}.Release|x86.Build.0 = Release|Any CPU
		{52ACFDBC-DE91-4417-8C91-2FB85E78E053}.Debug|Any CPU.ActiveCfg = Debug|Any CPU
		{52ACFDBC-DE91-4417-8C91-2FB85E78E053}.Debug|Any CPU.Build.0 = Debug|Any CPU
		{52ACFDBC-DE91-4417-8C91-2FB85E78E053}.Debug|x64.ActiveCfg = Debug|Any CPU
		{52ACFDBC-DE91-4417-8C91-2FB85E78E053}.Debug|x64.Build.0 = Debug|Any CPU
		{52ACFDBC-DE91-4417-8C91-2FB85E78E053}.Debug|x86.ActiveCfg = Debug|Any CPU
		{52ACFDBC-DE91-4417-8C91-2FB85E78E053}.Debug|x86.Build.0 = Debug|Any CPU
		{52ACFDBC-DE91-4417-8C91-2FB85E78E053}.Release|Any CPU.ActiveCfg = Release|Any CPU
		{52ACFDBC-DE91-4417-8C91-2FB85E78E053}.Release|Any CPU.Build.0 = Release|Any CPU
		{52ACFDBC-DE91-4417-8C91-2FB85E78E053}.Release|x64.ActiveCfg = Release|Any CPU
		{52ACFDBC-DE91-4417-8C91-2FB85E78E053}.Release|x64.Build.0 = Release|Any CPU
		{52ACFDBC-DE91-4417-8C91-2FB85E78E053}.Release|x86.ActiveCfg = Release|Any CPU
		{52ACFDBC-DE91-4417-8C91-2FB85E78E053}.Release|x86.Build.0 = Release|Any CPU
	EndGlobalSection
	GlobalSection(SolutionProperties) = preSolution
		HideSolutionNode = FALSE
	EndGlobalSection
	GlobalSection(ExtensibilityGlobals) = postSolution
		SolutionGuid = {F2AA031E-A3BA-4BCE-AD15-D7140E006004}
	EndGlobalSection
EndGlobal
