
Microsoft Visual Studio Solution File, Format Version 12.00
# Visual Studio Version 16
VisualStudioVersion = 16.0.30114.105
MinimumVisualStudioVersion = 10.0.40219.1
Project("{9A19103F-16F7-4668-BE54-9A1E7A4F7556}") = "YTS.Cache", "YTS.Cache\YTS.Cache.csproj", "{0C96B6E4-0C0F-4B4E-B493-1B7C93490F64}"
EndProject
Project("{9A19103F-16F7-4668-BE54-9A1E7A4F7556}") = "YTS.Log", "YTS.Log\YTS.Log.csproj", "{E0D5632C-A460-4157-8CFF-1604BB1F436E}"
EndProject
Project("{9A19103F-16F7-4668-BE54-9A1E7A4F7556}") = "YTS.Git", "YTS.Git\YTS.Git.csproj", "{38F1E9B4-B3D3-47D4-AB4D-A10067C8DF4A}"
EndProject
Project("{9A19103F-16F7-4668-BE54-9A1E7A4F7556}") = "YTS.Logic", "YTS.Logic\YTS.Logic.csproj", "{8780558C-5C48-4F44-BF4B-7FDB40E929F9}"
EndProject
Project("{9A19103F-16F7-4668-BE54-9A1E7A4F7556}") = "YTS.Logic.Test", "YTS.Logic.Test\YTS.Logic.Test.csproj", "{FB76FA7E-AF9A-47C3-AF92-2BAEA7057B0A}"
EndProject
Project("{2150E333-8FDC-42A3-9474-1A3956D46DE8}") = "YTS.API", "YTS.API", "{858FC82C-EA54-41E0-9015-106A198DB44D}"
EndProject
Project("{FAE04EC0-301F-11D3-BF4B-00C04F79EFBC}") = "YTS.WEBAPI", "YTS.API\YTS.WEBAPI\YTS.WEBAPI.csproj", "{23AA5EAE-D327-4345-824A-AAD98DBCA17F}"
EndProject
Project("{FAE04EC0-301F-11D3-BF4B-00C04F79EFBC}") = "YTS.WEBAPI.CaseTest", "YTS.API\YTS.WEBAPI.CaseTest\YTS.WEBAPI.CaseTest.csproj", "{27E64BEC-E676-4A73-A2FF-EC59969CCA8D}"
EndProject
Global
	GlobalSection(SolutionConfigurationPlatforms) = preSolution
		Debug|Any CPU = Debug|Any CPU
		Release|Any CPU = Release|Any CPU
	EndGlobalSection
	GlobalSection(ProjectConfigurationPlatforms) = postSolution
		{0C96B6E4-0C0F-4B4E-B493-1B7C93490F64}.Debug|Any CPU.ActiveCfg = Debug|Any CPU
		{0C96B6E4-0C0F-4B4E-B493-1B7C93490F64}.Debug|Any CPU.Build.0 = Debug|Any CPU
		{0C96B6E4-0C0F-4B4E-B493-1B7C93490F64}.Release|Any CPU.ActiveCfg = Release|Any CPU
		{0C96B6E4-0C0F-4B4E-B493-1B7C93490F64}.Release|Any CPU.Build.0 = Release|Any CPU
		{E0D5632C-A460-4157-8CFF-1604BB1F436E}.Debug|Any CPU.ActiveCfg = Debug|Any CPU
		{E0D5632C-A460-4157-8CFF-1604BB1F436E}.Debug|Any CPU.Build.0 = Debug|Any CPU
		{E0D5632C-A460-4157-8CFF-1604BB1F436E}.Release|Any CPU.ActiveCfg = Release|Any CPU
		{E0D5632C-A460-4157-8CFF-1604BB1F436E}.Release|Any CPU.Build.0 = Release|Any CPU
		{38F1E9B4-B3D3-47D4-AB4D-A10067C8DF4A}.Debug|Any CPU.ActiveCfg = Debug|Any CPU
		{38F1E9B4-B3D3-47D4-AB4D-A10067C8DF4A}.Debug|Any CPU.Build.0 = Debug|Any CPU
		{38F1E9B4-B3D3-47D4-AB4D-A10067C8DF4A}.Release|Any CPU.ActiveCfg = Release|Any CPU
		{38F1E9B4-B3D3-47D4-AB4D-A10067C8DF4A}.Release|Any CPU.Build.0 = Release|Any CPU
		{8780558C-5C48-4F44-BF4B-7FDB40E929F9}.Debug|Any CPU.ActiveCfg = Debug|Any CPU
		{8780558C-5C48-4F44-BF4B-7FDB40E929F9}.Debug|Any CPU.Build.0 = Debug|Any CPU
		{8780558C-5C48-4F44-BF4B-7FDB40E929F9}.Release|Any CPU.ActiveCfg = Release|Any CPU
		{8780558C-5C48-4F44-BF4B-7FDB40E929F9}.Release|Any CPU.Build.0 = Release|Any CPU
		{FB76FA7E-AF9A-47C3-AF92-2BAEA7057B0A}.Debug|Any CPU.ActiveCfg = Debug|Any CPU
		{FB76FA7E-AF9A-47C3-AF92-2BAEA7057B0A}.Debug|Any CPU.Build.0 = Debug|Any CPU
		{FB76FA7E-AF9A-47C3-AF92-2BAEA7057B0A}.Release|Any CPU.ActiveCfg = Release|Any CPU
		{FB76FA7E-AF9A-47C3-AF92-2BAEA7057B0A}.Release|Any CPU.Build.0 = Release|Any CPU
		{23AA5EAE-D327-4345-824A-AAD98DBCA17F}.Debug|Any CPU.ActiveCfg = Debug|Any CPU
		{23AA5EAE-D327-4345-824A-AAD98DBCA17F}.Debug|Any CPU.Build.0 = Debug|Any CPU
		{23AA5EAE-D327-4345-824A-AAD98DBCA17F}.Release|Any CPU.ActiveCfg = Release|Any CPU
		{23AA5EAE-D327-4345-824A-AAD98DBCA17F}.Release|Any CPU.Build.0 = Release|Any CPU
		{27E64BEC-E676-4A73-A2FF-EC59969CCA8D}.Debug|Any CPU.ActiveCfg = Debug|Any CPU
		{27E64BEC-E676-4A73-A2FF-EC59969CCA8D}.Debug|Any CPU.Build.0 = Debug|Any CPU
		{27E64BEC-E676-4A73-A2FF-EC59969CCA8D}.Release|Any CPU.ActiveCfg = Release|Any CPU
		{27E64BEC-E676-4A73-A2FF-EC59969CCA8D}.Release|Any CPU.Build.0 = Release|Any CPU
	EndGlobalSection
	GlobalSection(SolutionProperties) = preSolution
		HideSolutionNode = FALSE
	EndGlobalSection
	GlobalSection(ExtensibilityGlobals) = postSolution
		SolutionGuid = {EDFFD416-974F-414E-8082-162583280E98}
	EndGlobalSection
	GlobalSection(NestedProjects) = preSolution
		{23AA5EAE-D327-4345-824A-AAD98DBCA17F} = {858FC82C-EA54-41E0-9015-106A198DB44D}
		{27E64BEC-E676-4A73-A2FF-EC59969CCA8D} = {858FC82C-EA54-41E0-9015-106A198DB44D}
	EndGlobalSection
EndGlobal
