
Microsoft Visual Studio Solution File, Format Version 12.00
# Visual Studio Version 16
VisualStudioVersion = 16.0.30114.105
MinimumVisualStudioVersion = 10.0.40219.1
Project("{9A19103F-16F7-4668-BE54-9A1E7A4F7556}") = "YTS.Cache", "YTS.Cache\YTS.Cache.csproj", "{0C96B6E4-0C0F-4B4E-B493-1B7C93490F64}"
EndProject
Project("{9A19103F-16F7-4668-BE54-9A1E7A4F7556}") = "YTS.Log", "YTS.Log\YTS.Log.csproj", "{E0D5632C-A460-4157-8CFF-1604BB1F436E}"
EndProject
Project("{9A19103F-16F7-4668-BE54-9A1E7A4F7556}") = "YTS.Logic", "YTS.Logic\YTS.Logic.csproj", "{8780558C-5C48-4F44-BF4B-7FDB40E929F9}"
EndProject
Project("{9A19103F-16F7-4668-BE54-9A1E7A4F7556}") = "YTS.Logic.Test", "YTS.Logic.Test\YTS.Logic.Test.csproj", "{FB76FA7E-AF9A-47C3-AF92-2BAEA7057B0A}"
EndProject
Project("{9A19103F-16F7-4668-BE54-9A1E7A4F7556}") = "YTS.ImageDownload", "YTS.ImageDownload\YTS.ImageDownload.csproj", "{2D11CC67-4361-4E2A-BC25-6DFD402E300C}"
EndProject
Project("{9A19103F-16F7-4668-BE54-9A1E7A4F7556}") = "YTS.WEBAPI", "YTS.WEBAPI\YTS.WEBAPI.csproj", "{AFA73339-6702-4F25-A6D6-1FDBA2F0C67C}"
EndProject
Project("{9A19103F-16F7-4668-BE54-9A1E7A4F7556}") = "YTS.WEBAPI.CaseTest", "YTS.WEBAPI.CaseTest\YTS.WEBAPI.CaseTest.csproj", "{E9C63353-A938-498B-B063-C021D310A03F}"
EndProject
Project("{9A19103F-16F7-4668-BE54-9A1E7A4F7556}") = "YTS.Git", "YTS.Git\YTS.Git.csproj", "{0673E435-8838-4161-93D1-F34876EEF6C7}"
EndProject
Project("{9A19103F-16F7-4668-BE54-9A1E7A4F7556}") = "YTS.Git.Test", "YTS.Git.Test\YTS.Git.Test.csproj", "{EFC57A84-1993-4228-817B-1ABB5F4A4C31}"
EndProject
Project("{9A19103F-16F7-4668-BE54-9A1E7A4F7556}") = "YTS.Log.Test", "YTS.Log.Test\YTS.Log.Test.csproj", "{30FF851D-DFED-44A3-AC50-5C676B0FD026}"
EndProject
Project("{9A19103F-16F7-4668-BE54-9A1E7A4F7556}") = "YTS.ConsolePrint", "YTS.ConsolePrint\YTS.ConsolePrint.csproj", "{BD586C0F-D7C3-48D9-9205-AD4EB2120FB4}"
EndProject
Project("{FAE04EC0-301F-11D3-BF4B-00C04F79EFBC}") = "YTS.CodingSupportLibrary", "YTS.CodingSupportLibrary\YTS.CodingSupportLibrary.csproj", "{A2CDFE2E-EFFB-4D6D-93D5-E4269086C39F}"
EndProject
Project("{FAE04EC0-301F-11D3-BF4B-00C04F79EFBC}") = "YTS.CodingSupportLibrary.Test", "YTS.CodingSupportLibrary.Test\YTS.CodingSupportLibrary.Test.csproj", "{6FD5FBEC-ECFD-4C3E-9EF2-28C985E7CE0C}"
EndProject
Global
	GlobalSection(SolutionConfigurationPlatforms) = preSolution
		Debug|Any CPU = Debug|Any CPU
		Release|Any CPU = Release|Any CPU
	EndGlobalSection
	GlobalSection(ProjectConfigurationPlatforms) = postSolution
		{0C96B6E4-0C0F-4B4E-B493-1B7C93490F64}.Debug|Any CPU.ActiveCfg = Debug|Any CPU
		{0C96B6E4-0C0F-4B4E-B493-1B7C93490F64}.Debug|Any CPU.Build.0 = Debug|Any CPU
		{0C96B6E4-0C0F-4B4E-B493-1B7C93490F64}.Release|Any CPU.ActiveCfg = Release|Any CPU
		{0C96B6E4-0C0F-4B4E-B493-1B7C93490F64}.Release|Any CPU.Build.0 = Release|Any CPU
		{E0D5632C-A460-4157-8CFF-1604BB1F436E}.Debug|Any CPU.ActiveCfg = Debug|Any CPU
		{E0D5632C-A460-4157-8CFF-1604BB1F436E}.Debug|Any CPU.Build.0 = Debug|Any CPU
		{E0D5632C-A460-4157-8CFF-1604BB1F436E}.Release|Any CPU.ActiveCfg = Release|Any CPU
		{E0D5632C-A460-4157-8CFF-1604BB1F436E}.Release|Any CPU.Build.0 = Release|Any CPU
		{8780558C-5C48-4F44-BF4B-7FDB40E929F9}.Debug|Any CPU.ActiveCfg = Debug|Any CPU
		{8780558C-5C48-4F44-BF4B-7FDB40E929F9}.Debug|Any CPU.Build.0 = Debug|Any CPU
		{8780558C-5C48-4F44-BF4B-7FDB40E929F9}.Release|Any CPU.ActiveCfg = Release|Any CPU
		{8780558C-5C48-4F44-BF4B-7FDB40E929F9}.Release|Any CPU.Build.0 = Release|Any CPU
		{FB76FA7E-AF9A-47C3-AF92-2BAEA7057B0A}.Debug|Any CPU.ActiveCfg = Debug|Any CPU
		{FB76FA7E-AF9A-47C3-AF92-2BAEA7057B0A}.Debug|Any CPU.Build.0 = Debug|Any CPU
		{FB76FA7E-AF9A-47C3-AF92-2BAEA7057B0A}.Release|Any CPU.ActiveCfg = Release|Any CPU
		{FB76FA7E-AF9A-47C3-AF92-2BAEA7057B0A}.Release|Any CPU.Build.0 = Release|Any CPU
		{2D11CC67-4361-4E2A-BC25-6DFD402E300C}.Debug|Any CPU.ActiveCfg = Debug|Any CPU
		{2D11CC67-4361-4E2A-BC25-6DFD402E300C}.Debug|Any CPU.Build.0 = Debug|Any CPU
		{2D11CC67-4361-4E2A-BC25-6DFD402E300C}.Release|Any CPU.ActiveCfg = Release|Any CPU
		{2D11CC67-4361-4E2A-BC25-6DFD402E300C}.Release|Any CPU.Build.0 = Release|Any CPU
		{AFA73339-6702-4F25-A6D6-1FDBA2F0C67C}.Debug|Any CPU.ActiveCfg = Debug|Any CPU
		{AFA73339-6702-4F25-A6D6-1FDBA2F0C67C}.Debug|Any CPU.Build.0 = Debug|Any CPU
		{AFA73339-6702-4F25-A6D6-1FDBA2F0C67C}.Release|Any CPU.ActiveCfg = Release|Any CPU
		{AFA73339-6702-4F25-A6D6-1FDBA2F0C67C}.Release|Any CPU.Build.0 = Release|Any CPU
		{E9C63353-A938-498B-B063-C021D310A03F}.Debug|Any CPU.ActiveCfg = Debug|Any CPU
		{E9C63353-A938-498B-B063-C021D310A03F}.Debug|Any CPU.Build.0 = Debug|Any CPU
		{E9C63353-A938-498B-B063-C021D310A03F}.Release|Any CPU.ActiveCfg = Release|Any CPU
		{E9C63353-A938-498B-B063-C021D310A03F}.Release|Any CPU.Build.0 = Release|Any CPU
		{0673E435-8838-4161-93D1-F34876EEF6C7}.Debug|Any CPU.ActiveCfg = Debug|Any CPU
		{0673E435-8838-4161-93D1-F34876EEF6C7}.Debug|Any CPU.Build.0 = Debug|Any CPU
		{0673E435-8838-4161-93D1-F34876EEF6C7}.Release|Any CPU.ActiveCfg = Release|Any CPU
		{0673E435-8838-4161-93D1-F34876EEF6C7}.Release|Any CPU.Build.0 = Release|Any CPU
		{EFC57A84-1993-4228-817B-1ABB5F4A4C31}.Debug|Any CPU.ActiveCfg = Debug|Any CPU
		{EFC57A84-1993-4228-817B-1ABB5F4A4C31}.Debug|Any CPU.Build.0 = Debug|Any CPU
		{EFC57A84-1993-4228-817B-1ABB5F4A4C31}.Release|Any CPU.ActiveCfg = Release|Any CPU
		{EFC57A84-1993-4228-817B-1ABB5F4A4C31}.Release|Any CPU.Build.0 = Release|Any CPU
		{30FF851D-DFED-44A3-AC50-5C676B0FD026}.Debug|Any CPU.ActiveCfg = Debug|Any CPU
		{30FF851D-DFED-44A3-AC50-5C676B0FD026}.Debug|Any CPU.Build.0 = Debug|Any CPU
		{30FF851D-DFED-44A3-AC50-5C676B0FD026}.Release|Any CPU.ActiveCfg = Release|Any CPU
		{30FF851D-DFED-44A3-AC50-5C676B0FD026}.Release|Any CPU.Build.0 = Release|Any CPU
		{BD586C0F-D7C3-48D9-9205-AD4EB2120FB4}.Debug|Any CPU.ActiveCfg = Debug|Any CPU
		{BD586C0F-D7C3-48D9-9205-AD4EB2120FB4}.Debug|Any CPU.Build.0 = Debug|Any CPU
		{BD586C0F-D7C3-48D9-9205-AD4EB2120FB4}.Release|Any CPU.ActiveCfg = Release|Any CPU
		{BD586C0F-D7C3-48D9-9205-AD4EB2120FB4}.Release|Any CPU.Build.0 = Release|Any CPU
		{A2CDFE2E-EFFB-4D6D-93D5-E4269086C39F}.Debug|Any CPU.ActiveCfg = Debug|Any CPU
		{A2CDFE2E-EFFB-4D6D-93D5-E4269086C39F}.Debug|Any CPU.Build.0 = Debug|Any CPU
		{A2CDFE2E-EFFB-4D6D-93D5-E4269086C39F}.Release|Any CPU.ActiveCfg = Release|Any CPU
		{A2CDFE2E-EFFB-4D6D-93D5-E4269086C39F}.Release|Any CPU.Build.0 = Release|Any CPU
		{6FD5FBEC-ECFD-4C3E-9EF2-28C985E7CE0C}.Debug|Any CPU.ActiveCfg = Debug|Any CPU
		{6FD5FBEC-ECFD-4C3E-9EF2-28C985E7CE0C}.Debug|Any CPU.Build.0 = Debug|Any CPU
		{6FD5FBEC-ECFD-4C3E-9EF2-28C985E7CE0C}.Release|Any CPU.ActiveCfg = Release|Any CPU
		{6FD5FBEC-ECFD-4C3E-9EF2-28C985E7CE0C}.Release|Any CPU.Build.0 = Release|Any CPU
	EndGlobalSection
	GlobalSection(SolutionProperties) = preSolution
		HideSolutionNode = FALSE
	EndGlobalSection
	GlobalSection(ExtensibilityGlobals) = postSolution
		SolutionGuid = {EDFFD416-974F-414E-8082-162583280E98}
	EndGlobalSection
EndGlobal
